# THIS IS AN AUTOGENERATED FILE. DO NOT EDIT THIS FILE DIRECTLY.
# yarn lockfile v1


"@actions/core@^1.10.0":
  version "1.10.0"
  resolved "https://registry.npmjs.org/@actions/core/-/core-1.10.0.tgz#44551c3c71163949a2f06e94d9ca2157a0cfac4f"
  integrity sha512-2aZDDa3zrrZbP5ZYg159sNoLRb61nQ7awl5pSvIq5Qpj81vwDzdMRKzkWJGJuwVvWpvZKx7vspJALyvaaIQyug==
  dependencies:
    "@actions/http-client" "^2.0.1"
    uuid "^8.3.2"

"@actions/http-client@^2.0.1":
  version "2.1.0"
  resolved "https://registry.npmjs.org/@actions/http-client/-/http-client-2.1.0.tgz#b6d8c3934727d6a50d10d19f00a711a964599a9f"
  integrity sha512-BonhODnXr3amchh4qkmjPMUO8mFi/zLaaCeCAJZqch8iQqyDnVIkySjB38VHAC8IJ+bnlgfOqlhpyCUZHlQsqw==
  dependencies:
    tunnel "^0.0.6"

"@types/node@12.12.6":
  version "12.12.6"
  resolved "https://registry.npmjs.org/@types/node/-/node-12.12.6.tgz#a47240c10d86a9a57bb0c633f0b2e0aea9ce9253"
  integrity sha512-FjsYUPzEJdGXjwKqSpE0/9QEh6kzhTAeObA54rn6j3rR4C/mzpI9L0KNfoeASSPMMdxIsoJuCLDWcM/rVjIsSA==

"@zeit/ncc@^0.22.3":
  version "0.22.3"
  resolved "https://registry.npmjs.org/@zeit/ncc/-/ncc-0.22.3.tgz#fca6b86b4454ce7a7e1e7e755165ec06457f16cd"
  integrity sha512-jnCLpLXWuw/PAiJiVbLjA8WBC0IJQbFeUwF4I9M+23MvIxTxk5pD4Q8byQBSPmHQjz5aBoA7AKAElQxMpjrCLQ==

asynckit@^0.4.0:
  version "0.4.0"
  resolved "https://registry.npmjs.org/asynckit/-/asynckit-0.4.0.tgz#c79ed97f7f34cb8f2ba1bc9790bcc366474b4b79"
  integrity sha512-Oei9OH4tRh0YqU3GxhX79dM/mwVgvbZJaSNaRk+bshkj0S5cfHcgYakreBjrHwatXKbz+IoIdYLxrKim2MjW0Q==

axios@^0.27.2:
  version "0.27.2"
  resolved "https://registry.npmjs.org/axios/-/axios-0.27.2.tgz#207658cc8621606e586c85db4b41a750e756d972"
  integrity sha512-t+yRIyySRTp/wua5xEr+z1q60QmLq8ABsS5O9Me1AsE5dfKqgnCFzwiCZZ/cGNd1lq4/7akDWMxdhVlucjmnOQ==
  dependencies:
    follow-redirects "^1.14.9"
    form-data "^4.0.0"

combined-stream@^1.0.8:
  version "1.0.8"
  resolved "https://registry.npmjs.org/combined-stream/-/combined-stream-1.0.8.tgz#c3d45a8b34fd730631a110a8a2520682b31d5a7f"
  integrity sha512-FQN4MRfuJeHf7cBbBMJFXhKSDq+2kAArBlmRBvcvFE5BB1HZKXtSFASDhdlz9zOYwxh8lDdnvmMOe/+5cdoEdg==
  dependencies:
    delayed-stream "~1.0.0"

cross-spawn@^7.0.3:
  version "7.0.3"
  resolved "https://registry.npmjs.org/cross-spawn/-/cross-spawn-7.0.3.tgz#f73a85b9d5d41d045551c177e2882d4ac85728a6"
  integrity sha512-iRDPJKUPVEND7dHPO8rkbOnPpyDygcDFtWjpeWNCgy8WP2rXcxXL8TskReQl6OrB2G7+UJrags1q15Fudc7G6w==
  dependencies:
    path-key "^3.1.0"
    shebang-command "^2.0.0"
    which "^2.0.1"

delayed-stream@~1.0.0:
  version "1.0.0"
  resolved "https://registry.npmjs.org/delayed-stream/-/delayed-stream-1.0.0.tgz#df3ae199acadfb7d440aaae0b29e2272b24ec619"
  integrity sha512-ZySD7Nf91aLB0RxL4KGrKHBXl7Eds1DAmEdcoVawXnLD7SDhpNgtuII2aAkg7a7QS41jxPSZ17p4VdGnMHk3MQ==

dotenv-cli@^7.2.1:
  version "7.2.1"
  resolved "https://registry.npmjs.org/dotenv-cli/-/dotenv-cli-7.2.1.tgz#e595afd9ebfb721df9da809a435b9aa966c92062"
  integrity sha512-ODHbGTskqRtXAzZapDPvgNuDVQApu4oKX8lZW7Y0+9hKA6le1ZJlyRS687oU9FXjOVEDU/VFV6zI125HzhM1UQ==
  dependencies:
    cross-spawn "^7.0.3"
    dotenv "^16.0.0"
    dotenv-expand "^10.0.0"
    minimist "^1.2.6"

dotenv-expand@^10.0.0:
  version "10.0.0"
  resolved "https://registry.npmjs.org/dotenv-expand/-/dotenv-expand-10.0.0.tgz#12605d00fb0af6d0a592e6558585784032e4ef37"
  integrity sha512-GopVGCpVS1UKH75VKHGuQFqS1Gusej0z4FyQkPdwjil2gNIv+LNsqBlboOzpJFZKVT95GkCyWJbBSdFEFUWI2A==

dotenv@^16.0.0, dotenv@^16.0.3:
  version "16.0.3"
  resolved "https://registry.npmjs.org/dotenv/-/dotenv-16.0.3.tgz#115aec42bac5053db3c456db30cc243a5a836a07"
  integrity sha512-7GO6HghkA5fYG9TYnNxi14/7K9f5occMlp3zXAuSxn7CKCxt9xbNWG7yF8hTCSUchlfWSe3uLmlPfigevRItzQ==

follow-redirects@^1.14.9:
  version "1.15.2"
  resolved "https://registry.npmjs.org/follow-redirects/-/follow-redirects-1.15.2.tgz#b460864144ba63f2681096f274c4e57026da2c13"
  integrity sha512-VQLG33o04KaQ8uYi2tVNbdrWp1QWxNNea+nmIB4EVM28v0hmP17z7aG1+wAkNzVq4KeXTq3221ye5qTJP91JwA==

form-data@^4.0.0:
  version "4.0.0"
  resolved "https://registry.npmjs.org/form-data/-/form-data-4.0.0.tgz#93919daeaf361ee529584b9b31664dc12c9fa452"
  integrity sha512-ETEklSGi5t0QMZuiXoA/Q6vcnxcLQP5vdugSpuAyi6SVGi2clPPp+xgEhuMaHC+zGgn31Kd235W35f7Hykkaww==
  dependencies:
    asynckit "^0.4.0"
    combined-stream "^1.0.8"
    mime-types "^2.1.12"

isexe@^2.0.0:
  version "2.0.0"
  resolved "https://registry.yarnpkg.com/isexe/-/isexe-2.0.0.tgz#e8fbf374dc556ff8947a10dcb0572d633f2cfa10"
  integrity sha1-6PvzdNxVb/iUehDcsFctYz8s+hA=

mime-db@1.52.0:
  version "1.52.0"
  resolved "https://registry.npmjs.org/mime-db/-/mime-db-1.52.0.tgz#bbabcdc02859f4987301c856e3387ce5ec43bf70"
  integrity sha512-sPU4uV7dYlvtWJxwwxHD0PuihVNiE7TyAbQ5SWxDCB9mUYvOgroQOwYQQOKPJ8CIbE+1ETVlOoK1UC2nU3gYvg==

mime-types@^2.1.12:
  version "2.1.35"
  resolved "https://registry.npmjs.org/mime-types/-/mime-types-2.1.35.tgz#381a871b62a734450660ae3deee44813f70d959a"
  integrity sha512-ZDY+bPm5zTTF+YpCrAU9nK0UgICYPT0QtT1NZWFv4s++TNkcgVaT0g6+4R2uI4MjQjzysHB1zxuWL50hzaeXiw==
  dependencies:
    mime-db "1.52.0"

minimist@^1.2.6:
  version "1.2.8"
  resolved "https://registry.npmjs.org/minimist/-/minimist-1.2.8.tgz#c1a464e7693302e082a075cee0c057741ac4772c"
  integrity sha512-2yyAR8qBkN3YuheJanUpWC5U3bb5osDywNB8RzDVlDwDHbocAJveqqj1u8+SVD7jkWT4yvsHCpWqqWqAxb0zCA==

path-key@^3.1.0:
  version "3.1.0"
  resolved "https://registry.yarnpkg.com/path-key/-/path-key-3.1.0.tgz#99a10d870a803bdd5ee6f0470e58dfcd2f9a54d3"
  integrity sha512-8cChqz0RP6SHJkMt48FW0A7+qUOn+OsnOsVtzI59tZ8m+5bCSk7hzwET0pulwOM2YMn9J1efb07KB9l9f30SGg==

shebang-command@^2.0.0:
  version "2.0.0"
  resolved "https://registry.yarnpkg.com/shebang-command/-/shebang-command-2.0.0.tgz#ccd0af4f8835fbdc265b82461aaf0c36663f34ea"
  integrity sha512-kHxr2zZpYtdmrN1qDjrrX/Z1rR1kG8Dx+gkpK1G4eXmvXswmcE1hTWBWYUzlraYw1/yZp6YuDY77YtvbN0dmDA==
  dependencies:
    shebang-regex "^3.0.0"

shebang-regex@^3.0.0:
  version "3.0.0"
  resolved "https://registry.yarnpkg.com/shebang-regex/-/shebang-regex-3.0.0.tgz#ae16f1644d873ecad843b0307b143362d4c42172"
  integrity sha512-7++dFhtcx3353uBaq8DDR4NuxBetBzC7ZQOhmTQInHEd6bSrXdiEyzCvG07Z44UYdLShWUyXt5M/yhz8ekcb1A==

tunnel@^0.0.6:
  version "0.0.6"
  resolved "https://registry.npmjs.org/tunnel/-/tunnel-0.0.6.tgz#72f1314b34a5b192db012324df2cc587ca47f92c"
  integrity sha512-1h/Lnq9yajKY2PEbBadPXj3VxsDDu844OnaAo52UVmIzIvwwtBPIuNvkjuzBlTWpfJyUbG3ez0KSBibQkj4ojg==

uuid@^8.3.2:
  version "8.3.2"
  resolved "https://registry.npmjs.org/uuid/-/uuid-8.3.2.tgz#80d5b5ced271bb9af6c445f21a1a04c606cefbe2"
  integrity sha512-+NYs2QeMWy+GWFOEm9xnn6HCDp0l7QBD7ml8zLUmJ+93Q5NF0NocErnwkTkXVFNiX3/fpC6afS8Dhb/gz7R7eg==

which@^2.0.1:
  version "2.0.1"
  resolved "https://registry.yarnpkg.com/which/-/which-2.0.1.tgz#f1cf94d07a8e571b6ff006aeb91d0300c47ef0a4"
  integrity sha512-N7GBZOTswtB9lkQBZA4+zAXrjEIWAUOB93AvzUiudRzRxhUdLURQ7D/gAIMY1gatT/LTbmbcv8SiYazy3eYB7w==
  dependencies:
    isexe "^2.0.0"
